{
  "name": "workspace-template-win32-x64",
  "version": "0.9.0-alpha.0",
  "lockfileVersion": 3,
  "requires": true,
  "packages": {
    "": {
      "name": "workspace-template-win32-x64",
      "version": "0.9.0-alpha.0",
      "cpu": [
        "x64"
      ],
      "license": "MIT",
      "os": [
        "win32"
      ],
      "bin": {
        "workspace-template": "bin/workspace-template.exe"
      }
    }
  }
}
